
Microsoft Visual Studio Solution File, Format Version 12.00
# Visual Studio Version 17
VisualStudioVersion = 17.6.33723.286
MinimumVisualStudioVersion = 10.0.40219.1
Project("{FAE04EC0-301F-11D3-BF4B-00C04F79EFBC}") = "WinFormsApp1", "WinFormsApp1\WinFormsApp1.csproj", "{9DF2E5B0-31C7-4639-87F6-7F881D58195A}"
EndProject
Global
	GlobalSection(SolutionConfigurationPlatforms) = preSolution
		Debug|Any CPU = Debug|Any CPU
		Release|Any CPU = Release|Any CPU
	EndGlobalSection
	GlobalSection(ProjectConfigurationPlatforms) = postSolution
		{9DF2E5B0-31C7-4639-87F6-7F881D58195A}.Debug|Any CPU.ActiveCfg = Debug|Any CPU
		{9DF2E5B0-31C7-4639-87F6-7F881D58195A}.Debug|Any CPU.Build.0 = Debug|Any CPU
		{9DF2E5B0-31C7-4639-87F6-7F881D58195A}.Release|Any CPU.ActiveCfg = Release|Any CPU
		{9DF2E5B0-31C7-4639-87F6-7F881D58195A}.Release|Any CPU.Build.0 = Release|Any CPU
	EndGlobalSection
	GlobalSection(SolutionProperties) = preSolution
		HideSolutionNode = FALSE
	EndGlobalSection
	GlobalSection(ExtensibilityGlobals) = postSolution
		SolutionGuid = {55A98583-F93D-4B10-BA41-87CA86D06A2B}
	EndGlobalSection
EndGlobal
